{
  "name": "eff-firegrid",
  "version": "0.1.0",
  "lockfileVersion": 3,
  "requires": true,
  "packages": {
    "": {
      "name": "eff-firegrid",
      "version": "0.1.0",
      "dependencies": {
        "@s2-dev/streamstore": "^0.24.1",
        "@s2-dev/streamstore-patterns": "^2.1.3"
      },
      "devDependencies": {
        "mitata": "^1.0.34"
      }
    },
    "node_modules/@protobuf-ts/runtime": {
      "version": "2.11.1",
      "resolved": "https://registry.npmjs.org/@protobuf-ts/runtime/-/runtime-2.11.1.tgz",
      "integrity": "sha512-KuDaT1IfHkugM2pyz+FwiY80ejWrkH1pAtOBOZFuR6SXEFTsnb/jiQWQ1rCIrcKx2BtyxnxW6BWwsVSA/Ie+WQ==",
      "license": "(Apache-2.0 AND BSD-3-Clause)"
    },
    "node_modules/@s2-dev/streamstore": {
      "version": "0.24.1",
      "resolved": "https://registry.npmjs.org/@s2-dev/streamstore/-/streamstore-0.24.1.tgz",
      "integrity": "sha512-TjKPgyL3BKCB5LciUDbqEs5CoFlG5cGedsOux00oHvaQCrfoQlGnQoTlFx3x+2K6bhbk9KkCwJBRyxbmrEXT+g==",
      "license": "MIT",
      "dependencies": {
        "@protobuf-ts/runtime": "^2.11.1",
        "debug": "^4.4.3"
      }
    },
    "node_modules/@s2-dev/streamstore-patterns": {
      "version": "2.1.3",
      "resolved": "https://registry.npmjs.org/@s2-dev/streamstore-patterns/-/streamstore-patterns-2.1.3.tgz",
      "integrity": "sha512-31ngaB9sYDDnNRDQDt8nzRdzVNwsmNqnxX9ODBEREj2AVJNQEBwzy3sKcWHnyB9fBQf96X61IzG0XRHLfrFLgA==",
      "license": "MIT",
      "dependencies": {
        "nanoid": "^3.3.11"
      },
      "peerDependencies": {
        "@s2-dev/streamstore": ">=0.21.0"
      }
    },
    "node_modules/debug": {
      "version": "4.4.3",
      "resolved": "https://registry.npmjs.org/debug/-/debug-4.4.3.tgz",
      "integrity": "sha512-RGwwWnwQvkVfavKVt22FGLw+xYSdzARwm0ru6DhTVA3umU5hZc28V3kO4stgYryrTlLpuvgI9GiijltAjNbcqA==",
      "license": "MIT",
      "dependencies": {
        "ms": "^2.1.3"
      },
      "engines": {
        "node": ">=6.0"
      },
      "peerDependenciesMeta": {
        "supports-color": {
          "optional": true
        }
      }
    },
    "node_modules/mitata": {
      "version": "1.0.34",
      "resolved": "https://registry.npmjs.org/mitata/-/mitata-1.0.34.tgz",
      "integrity": "sha512-Mc3zrtNBKIMeHSCQ0XqRLo1vbdIx1wvFV9c8NJAiyho6AjNfMY8bVhbS12bwciUdd1t4rj8099CH3N3NFahaUA==",
      "dev": true,
      "license": "MIT"
    },
    "node_modules/ms": {
      "version": "2.1.3",
      "resolved": "https://registry.npmjs.org/ms/-/ms-2.1.3.tgz",
      "integrity": "sha512-6FlzubTLZG3J2a/NVCAleEhjzq5oxgHyaCU9yYXvcLsvoVaHJq/s5xXI6/XXP6tz7R9xAOtHnSO/tXtF3WRTlA==",
      "license": "MIT"
    },
    "node_modules/nanoid": {
      "version": "3.3.15",
      "resolved": "https://registry.npmjs.org/nanoid/-/nanoid-3.3.15.tgz",
      "integrity": "sha512-y7Wygv/7mEOvxTuEQDB8StXdMRBWf1kR/tlhAzBRUFkB2jfcLOAxO/SHmOO2zgz1pVgK29/kyupn059/bCHdjA==",
      "funding": [
        {
          "type": "github",
          "url": "https://github.com/sponsors/ai"
        }
      ],
      "license": "MIT",
      "bin": {
        "nanoid": "bin/nanoid.cjs"
      },
      "engines": {
        "node": "^10 || ^12 || ^13.7 || ^14 || >=15.0.1"
      }
    }
  }
}
